
Microsoft Visual Studio Solution File, Format Version 12.00
# TcXaeShell Solution File, Format Version 11.00
VisualStudioVersion = 15.0.28307.1300
MinimumVisualStudioVersion = 10.0.40219.1
Project("{DFBE7525-6864-4E62-8B2E-D530D69D9D96}") = "mobject-collections-library", "mobject-collections-library\mobject-collections-library.tspproj", "{1F6BC78D-4017-48BC-BBEB-D522E7397515}"
EndProject
Project("{B1E792BE-AA5F-4E3C-8C82-674BF9C0715B}") = "mobject-collections-test-project", "mobject-collections-test-project\mobject-collections-test-project.tsproj", "{1F111E03-D6F9-44F4-ADF3-F759CEAC5249}"
EndProject
Global
	GlobalSection(SolutionConfigurationPlatforms) = preSolution
		Debug|TwinCAT CE7 (ARMV7) = Debug|TwinCAT CE7 (ARMV7)
		Debug|TwinCAT OS (ARMT2) = Debug|TwinCAT OS (ARMT2)
		Debug|TwinCAT RT (x64) = Debug|TwinCAT RT (x64)
		Debug|TwinCAT RT (x86) = Debug|TwinCAT RT (x86)
		Release|TwinCAT CE7 (ARMV7) = Release|TwinCAT CE7 (ARMV7)
		Release|TwinCAT OS (ARMT2) = Release|TwinCAT OS (ARMT2)
		Release|TwinCAT RT (x64) = Release|TwinCAT RT (x64)
		Release|TwinCAT RT (x86) = Release|TwinCAT RT (x86)
	EndGlobalSection
	GlobalSection(ProjectConfigurationPlatforms) = postSolution
		{1F6BC78D-4017-48BC-BBEB-D522E7397515}.Debug|TwinCAT CE7 (ARMV7).ActiveCfg = Debug|TwinCAT CE7 (ARMV7)
		{1F6BC78D-4017-48BC-BBEB-D522E7397515}.Debug|TwinCAT CE7 (ARMV7).Build.0 = Debug|TwinCAT CE7 (ARMV7)
		{1F6BC78D-4017-48BC-BBEB-D522E7397515}.Debug|TwinCAT OS (ARMT2).ActiveCfg = Debug|TwinCAT OS (ARMT2)
		{1F6BC78D-4017-48BC-BBEB-D522E7397515}.Debug|TwinCAT OS (ARMT2).Build.0 = Debug|TwinCAT OS (ARMT2)
		{1F6BC78D-4017-48BC-BBEB-D522E7397515}.Debug|TwinCAT RT (x64).ActiveCfg = Debug|TwinCAT RT (x64)
		{1F6BC78D-4017-48BC-BBEB-D522E7397515}.Debug|TwinCAT RT (x64).Build.0 = Debug|TwinCAT RT (x64)
		{1F6BC78D-4017-48BC-BBEB-D522E7397515}.Debug|TwinCAT RT (x86).ActiveCfg = Debug|TwinCAT RT (x86)
		{1F6BC78D-4017-48BC-BBEB-D522E7397515}.Debug|TwinCAT RT (x86).Build.0 = Debug|TwinCAT RT (x86)
		{1F6BC78D-4017-48BC-BBEB-D522E7397515}.Release|TwinCAT CE7 (ARMV7).ActiveCfg = Release|TwinCAT CE7 (ARMV7)
		{1F6BC78D-4017-48BC-BBEB-D522E7397515}.Release|TwinCAT CE7 (ARMV7).Build.0 = Release|TwinCAT CE7 (ARMV7)
		{1F6BC78D-4017-48BC-BBEB-D522E7397515}.Release|TwinCAT OS (ARMT2).ActiveCfg = Release|TwinCAT OS (ARMT2)
		{1F6BC78D-4017-48BC-BBEB-D522E7397515}.Release|TwinCAT OS (ARMT2).Build.0 = Release|TwinCAT OS (ARMT2)
		{1F6BC78D-4017-48BC-BBEB-D522E7397515}.Release|TwinCAT RT (x64).ActiveCfg = Release|TwinCAT RT (x64)
		{1F6BC78D-4017-48BC-BBEB-D522E7397515}.Release|TwinCAT RT (x64).Build.0 = Release|TwinCAT RT (x64)
		{1F6BC78D-4017-48BC-BBEB-D522E7397515}.Release|TwinCAT RT (x86).ActiveCfg = Release|TwinCAT RT (x86)
		{1F6BC78D-4017-48BC-BBEB-D522E7397515}.Release|TwinCAT RT (x86).Build.0 = Release|TwinCAT RT (x86)
		{7E7879A0-2302-49FC-A9A0-D1030C011450}.Debug|TwinCAT CE7 (ARMV7).ActiveCfg = Debug|TwinCAT CE7 (ARMV7)
		{7E7879A0-2302-49FC-A9A0-D1030C011450}.Debug|TwinCAT CE7 (ARMV7).Build.0 = Debug|TwinCAT CE7 (ARMV7)
		{7E7879A0-2302-49FC-A9A0-D1030C011450}.Debug|TwinCAT OS (ARMT2).ActiveCfg = Debug|TwinCAT OS (ARMT2)
		{7E7879A0-2302-49FC-A9A0-D1030C011450}.Debug|TwinCAT OS (ARMT2).Build.0 = Debug|TwinCAT OS (ARMT2)
		{7E7879A0-2302-49FC-A9A0-D1030C011450}.Debug|TwinCAT RT (x64).ActiveCfg = Debug|TwinCAT RT (x64)
		{7E7879A0-2302-49FC-A9A0-D1030C011450}.Debug|TwinCAT RT (x64).Build.0 = Debug|TwinCAT RT (x64)
		{7E7879A0-2302-49FC-A9A0-D1030C011450}.Debug|TwinCAT RT (x86).ActiveCfg = Debug|TwinCAT RT (x86)
		{7E7879A0-2302-49FC-A9A0-D1030C011450}.Debug|TwinCAT RT (x86).Build.0 = Debug|TwinCAT RT (x86)
		{7E7879A0-2302-49FC-A9A0-D1030C011450}.Release|TwinCAT CE7 (ARMV7).ActiveCfg = Release|TwinCAT CE7 (ARMV7)
		{7E7879A0-2302-49FC-A9A0-D1030C011450}.Release|TwinCAT CE7 (ARMV7).Build.0 = Release|TwinCAT CE7 (ARMV7)
		{7E7879A0-2302-49FC-A9A0-D1030C011450}.Release|TwinCAT OS (ARMT2).ActiveCfg = Release|TwinCAT OS (ARMT2)
		{7E7879A0-2302-49FC-A9A0-D1030C011450}.Release|TwinCAT OS (ARMT2).Build.0 = Release|TwinCAT OS (ARMT2)
		{7E7879A0-2302-49FC-A9A0-D1030C011450}.Release|TwinCAT RT (x64).ActiveCfg = Release|TwinCAT RT (x64)
		{7E7879A0-2302-49FC-A9A0-D1030C011450}.Release|TwinCAT RT (x64).Build.0 = Release|TwinCAT RT (x64)
		{7E7879A0-2302-49FC-A9A0-D1030C011450}.Release|TwinCAT RT (x86).ActiveCfg = Release|TwinCAT RT (x86)
		{7E7879A0-2302-49FC-A9A0-D1030C011450}.Release|TwinCAT RT (x86).Build.0 = Release|TwinCAT RT (x86)
		{1F111E03-D6F9-44F4-ADF3-F759CEAC5249}.Debug|TwinCAT CE7 (ARMV7).ActiveCfg = Debug|TwinCAT CE7 (ARMV7)
		{1F111E03-D6F9-44F4-ADF3-F759CEAC5249}.Debug|TwinCAT CE7 (ARMV7).Build.0 = Debug|TwinCAT CE7 (ARMV7)
		{1F111E03-D6F9-44F4-ADF3-F759CEAC5249}.Debug|TwinCAT OS (ARMT2).ActiveCfg = Debug|TwinCAT OS (ARMT2)
		{1F111E03-D6F9-44F4-ADF3-F759CEAC5249}.Debug|TwinCAT OS (ARMT2).Build.0 = Debug|TwinCAT OS (ARMT2)
		{1F111E03-D6F9-44F4-ADF3-F759CEAC5249}.Debug|TwinCAT RT (x64).ActiveCfg = Debug|TwinCAT RT (x64)
		{1F111E03-D6F9-44F4-ADF3-F759CEAC5249}.Debug|TwinCAT RT (x64).Build.0 = Debug|TwinCAT RT (x64)
		{1F111E03-D6F9-44F4-ADF3-F759CEAC5249}.Debug|TwinCAT RT (x86).ActiveCfg = Debug|TwinCAT RT (x86)
		{1F111E03-D6F9-44F4-ADF3-F759CEAC5249}.Debug|TwinCAT RT (x86).Build.0 = Debug|TwinCAT RT (x86)
		{1F111E03-D6F9-44F4-ADF3-F759CEAC5249}.Release|TwinCAT CE7 (ARMV7).ActiveCfg = Release|TwinCAT CE7 (ARMV7)
		{1F111E03-D6F9-44F4-ADF3-F759CEAC5249}.Release|TwinCAT CE7 (ARMV7).Build.0 = Release|TwinCAT CE7 (ARMV7)
		{1F111E03-D6F9-44F4-ADF3-F759CEAC5249}.Release|TwinCAT OS (ARMT2).ActiveCfg = Release|TwinCAT OS (ARMT2)
		{1F111E03-D6F9-44F4-ADF3-F759CEAC5249}.Release|TwinCAT OS (ARMT2).Build.0 = Release|TwinCAT OS (ARMT2)
		{1F111E03-D6F9-44F4-ADF3-F759CEAC5249}.Release|TwinCAT RT (x64).ActiveCfg = Release|TwinCAT RT (x64)
		{1F111E03-D6F9-44F4-ADF3-F759CEAC5249}.Release|TwinCAT RT (x64).Build.0 = Release|TwinCAT RT (x64)
		{1F111E03-D6F9-44F4-ADF3-F759CEAC5249}.Release|TwinCAT RT (x86).ActiveCfg = Release|TwinCAT RT (x86)
		{1F111E03-D6F9-44F4-ADF3-F759CEAC5249}.Release|TwinCAT RT (x86).Build.0 = Release|TwinCAT RT (x86)
		{4A630209-3786-48C2-B9E9-CBD9D51CCE7F}.Debug|TwinCAT CE7 (ARMV7).ActiveCfg = Debug|TwinCAT CE7 (ARMV7)
		{4A630209-3786-48C2-B9E9-CBD9D51CCE7F}.Debug|TwinCAT CE7 (ARMV7).Build.0 = Debug|TwinCAT CE7 (ARMV7)
		{4A630209-3786-48C2-B9E9-CBD9D51CCE7F}.Debug|TwinCAT OS (ARMT2).ActiveCfg = Debug|TwinCAT OS (ARMT2)
		{4A630209-3786-48C2-B9E9-CBD9D51CCE7F}.Debug|TwinCAT OS (ARMT2).Build.0 = Debug|TwinCAT OS (ARMT2)
		{4A630209-3786-48C2-B9E9-CBD9D51CCE7F}.Debug|TwinCAT RT (x64).ActiveCfg = Debug|TwinCAT RT (x64)
		{4A630209-3786-48C2-B9E9-CBD9D51CCE7F}.Debug|TwinCAT RT (x64).Build.0 = Debug|TwinCAT RT (x64)
		{4A630209-3786-48C2-B9E9-CBD9D51CCE7F}.Debug|TwinCAT RT (x86).ActiveCfg = Debug|TwinCAT RT (x86)
		{4A630209-3786-48C2-B9E9-CBD9D51CCE7F}.Debug|TwinCAT RT (x86).Build.0 = Debug|TwinCAT RT (x86)
		{4A630209-3786-48C2-B9E9-CBD9D51CCE7F}.Release|TwinCAT CE7 (ARMV7).ActiveCfg = Release|TwinCAT CE7 (ARMV7)
		{4A630209-3786-48C2-B9E9-CBD9D51CCE7F}.Release|TwinCAT CE7 (ARMV7).Build.0 = Release|TwinCAT CE7 (ARMV7)
		{4A630209-3786-48C2-B9E9-CBD9D51CCE7F}.Release|TwinCAT OS (ARMT2).ActiveCfg = Release|TwinCAT OS (ARMT2)
		{4A630209-3786-48C2-B9E9-CBD9D51CCE7F}.Release|TwinCAT OS (ARMT2).Build.0 = Release|TwinCAT OS (ARMT2)
		{4A630209-3786-48C2-B9E9-CBD9D51CCE7F}.Release|TwinCAT RT (x64).ActiveCfg = Release|TwinCAT RT (x64)
		{4A630209-3786-48C2-B9E9-CBD9D51CCE7F}.Release|TwinCAT RT (x64).Build.0 = Release|TwinCAT RT (x64)
		{4A630209-3786-48C2-B9E9-CBD9D51CCE7F}.Release|TwinCAT RT (x86).ActiveCfg = Release|TwinCAT RT (x86)
		{4A630209-3786-48C2-B9E9-CBD9D51CCE7F}.Release|TwinCAT RT (x86).Build.0 = Release|TwinCAT RT (x86)
	EndGlobalSection
	GlobalSection(SolutionProperties) = preSolution
		HideSolutionNode = FALSE
	EndGlobalSection
	GlobalSection(ExtensibilityGlobals) = postSolution
		SolutionGuid = {F6245ACD-D2D9-4A56-BACA-4B4F7227D07B}
	EndGlobalSection
EndGlobal
